{
  "nodes": {
    "nixpkgs": {
      "locked": {
        "lastModified": 1723629135,
        "narHash": "sha256-2tKdalITM7v82JW9VGL7zNlvjbck0GwZwe9tIWhuick=",
        "owner": "NixOS",
        "repo": "nixpkgs",
        "rev": "67903829ff1715013e13f4bcef567fd41107508a",
        "type": "github"
      },
      "original": {
        "owner": "nixos",
        "ref": "nixos-unstable",
        "repo": "nixpkgs",
        "type": "github"
      }
    },
    "root": {
      "inputs": {
        "nixpkgs": "nixpkgs"
      }
    }
  },
  "root": "root",
  "version": 7
}
